Microsoft Visual Studio Solution File, Format Version 7.00
Project("{8BC9CEB8-8B4A-11D0-8D11-00A0C91BC942}") = "Installer", "Installer.vcproj", "{0CE544B4-1D14-4881-B1CF-807579DC1A0E}"
EndProject
Global
	GlobalSection(SolutionConfiguration) = preSolution
		ConfigName.0 = Debug
		ConfigName.1 = Release
	EndGlobalSection
	GlobalSection(ProjectDependencies) = postSolution
	EndGlobalSection
	GlobalSection(ProjectConfiguration) = postSolution
		{0CE544B4-1D14-4881-B1CF-807579DC1A0E}.Debug.ActiveCfg = Debug|Win32
		{0CE544B4-1D14-4881-B1CF-807579DC1A0E}.Debug.Build.0 = Debug|Win32
		{0CE544B4-1D14-4881-B1CF-807579DC1A0E}.Release.ActiveCfg = Release|Win32
		{0CE544B4-1D14-4881-B1CF-807579DC1A0E}.Release.Build.0 = Release|Win32
	EndGlobalSection
	GlobalSection(ExtensibilityGlobals) = postSolution
	EndGlobalSection
	GlobalSection(ExtensibilityAddIns) = postSolution
	EndGlobalSection
EndGlobal
